
Microsoft Visual Studio Solution File, Format Version 12.00
# Visual Studio Version 17
VisualStudioVersion = 17.8.34309.116
MinimumVisualStudioVersion = 10.0.40219.1
Project("{FAE04EC0-301F-11D3-BF4B-00C04F79EFBC}") = "Task1", "Task1\Task1.csproj", "{B8113D13-F0E0-4364-955B-85ABB798C3AD}"
EndProject
Global
	GlobalSection(SolutionConfigurationPlatforms) = preSolution
		Debug|Any CPU = Debug|Any CPU
		Release|Any CPU = Release|Any CPU
	EndGlobalSection
	GlobalSection(ProjectConfigurationPlatforms) = postSolution
		{B8113D13-F0E0-4364-955B-85ABB798C3AD}.Debug|Any CPU.ActiveCfg = Debug|Any CPU
		{B8113D13-F0E0-4364-955B-85ABB798C3AD}.Debug|Any CPU.Build.0 = Debug|Any CPU
		{B8113D13-F0E0-4364-955B-85ABB798C3AD}.Release|Any CPU.ActiveCfg = Release|Any CPU
		{B8113D13-F0E0-4364-955B-85ABB798C3AD}.Release|Any CPU.Build.0 = Release|Any CPU
	EndGlobalSection
	GlobalSection(SolutionProperties) = preSolution
		HideSolutionNode = FALSE
	EndGlobalSection
	GlobalSection(ExtensibilityGlobals) = postSolution
		SolutionGuid = {3A845B09-0E53-4889-9758-829A911EAFB4}
	EndGlobalSection
EndGlobal
